
Microsoft Visual Studio Solution File, Format Version 12.00
# Visual Studio Version 17
VisualStudioVersion = 17.0.31903.59
MinimumVisualStudioVersion = 10.0.40219.1
Project("{FAE04EC0-301F-11D3-BF4B-00C04F79EFBC}") = "Project-Nhom4", "Project-Nhom4\Project-Nhom4.csproj", "{3CFA6D15-E0B0-4D39-9F1A-732D880CE2C1}"
EndProject
Project("{FAE04EC0-301F-11D3-BF4B-00C04F79EFBC}") = "Model", "Model\Model.csproj", "{A68A5C7C-D3ED-4789-B65C-582985718182}"
EndProject
Global
	GlobalSection(SolutionConfigurationPlatforms) = preSolution
		Debug|Any CPU = Debug|Any CPU
		Release|Any CPU = Release|Any CPU
	EndGlobalSection
	GlobalSection(ProjectConfigurationPlatforms) = postSolution
		{3CFA6D15-E0B0-4D39-9F1A-732D880CE2C1}.Debug|Any CPU.ActiveCfg = Debug|Any CPU
		{3CFA6D15-E0B0-4D39-9F1A-732D880CE2C1}.Debug|Any CPU.Build.0 = Debug|Any CPU
		{3CFA6D15-E0B0-4D39-9F1A-732D880CE2C1}.Release|Any CPU.ActiveCfg = Release|Any CPU
		{3CFA6D15-E0B0-4D39-9F1A-732D880CE2C1}.Release|Any CPU.Build.0 = Release|Any CPU
		{A68A5C7C-D3ED-4789-B65C-582985718182}.Debug|Any CPU.ActiveCfg = Debug|Any CPU
		{A68A5C7C-D3ED-4789-B65C-582985718182}.Debug|Any CPU.Build.0 = Debug|Any CPU
		{A68A5C7C-D3ED-4789-B65C-582985718182}.Release|Any CPU.ActiveCfg = Release|Any CPU
		{A68A5C7C-D3ED-4789-B65C-582985718182}.Release|Any CPU.Build.0 = Release|Any CPU
	EndGlobalSection
	GlobalSection(SolutionProperties) = preSolution
		HideSolutionNode = FALSE
	EndGlobalSection
	GlobalSection(ExtensibilityGlobals) = postSolution
		SolutionGuid = {9FB4458A-2F13-4669-A611-1E6394C3090D}
	EndGlobalSection
EndGlobal
